
Microsoft Visual Studio Solution File, Format Version 12.00
# Visual Studio Version 16
VisualStudioVersion = 16.0.29424.173
MinimumVisualStudioVersion = 10.0.40219.1
Project("{8BC9CEB8-8B4A-11D0-8D11-00A0C91BC942}") = "OSRozrahPYLUK", "OSRozrahPYLUK\OSRozrahPYLUK.vcxproj", "{B8B8ADCB-FD72-4205-8B2E-67B48CC6EDFA}"
EndProject
Global
	GlobalSection(SolutionConfigurationPlatforms) = preSolution
		Debug|x64 = Debug|x64
		Debug|x86 = Debug|x86
		Release|x64 = Release|x64
		Release|x86 = Release|x86
	EndGlobalSection
	GlobalSection(ProjectConfigurationPlatforms) = postSolution
		{B8B8ADCB-FD72-4205-8B2E-67B48CC6EDFA}.Debug|x64.ActiveCfg = Debug|x64
		{B8B8ADCB-FD72-4205-8B2E-67B48CC6EDFA}.Debug|x64.Build.0 = Debug|x64
		{B8B8ADCB-FD72-4205-8B2E-67B48CC6EDFA}.Debug|x86.ActiveCfg = Debug|Win32
		{B8B8ADCB-FD72-4205-8B2E-67B48CC6EDFA}.Debug|x86.Build.0 = Debug|Win32
		{B8B8ADCB-FD72-4205-8B2E-67B48CC6EDFA}.Release|x64.ActiveCfg = Release|x64
		{B8B8ADCB-FD72-4205-8B2E-67B48CC6EDFA}.Release|x64.Build.0 = Release|x64
		{B8B8ADCB-FD72-4205-8B2E-67B48CC6EDFA}.Release|x86.ActiveCfg = Release|Win32
		{B8B8ADCB-FD72-4205-8B2E-67B48CC6EDFA}.Release|x86.Build.0 = Release|Win32
	EndGlobalSection
	GlobalSection(SolutionProperties) = preSolution
		HideSolutionNode = FALSE
	EndGlobalSection
	GlobalSection(ExtensibilityGlobals) = postSolution
		SolutionGuid = {FFB27F88-269E-4AEF-A283-0CB4CD1CFE3B}
	EndGlobalSection
EndGlobal
